
Microsoft Visual Studio Solution File, Format Version 12.00
# Visual Studio Version 17
VisualStudioVersion = 17.4.33213.308
MinimumVisualStudioVersion = 10.0.40219.1
Project("{FAE04EC0-301F-11D3-BF4B-00C04F79EFBC}") = "EmailApp", "EmailApp\EmailApp.csproj", "{D540E46B-AF9A-451D-B4D2-B1F563C46BF8}"
EndProject
Global
	GlobalSection(SolutionConfigurationPlatforms) = preSolution
		Debug|Any CPU = Debug|Any CPU
		Release|Any CPU = Release|Any CPU
	EndGlobalSection
	GlobalSection(ProjectConfigurationPlatforms) = postSolution
		{D540E46B-AF9A-451D-B4D2-B1F563C46BF8}.Debug|Any CPU.ActiveCfg = Debug|Any CPU
		{D540E46B-AF9A-451D-B4D2-B1F563C46BF8}.Debug|Any CPU.Build.0 = Debug|Any CPU
		{D540E46B-AF9A-451D-B4D2-B1F563C46BF8}.Release|Any CPU.ActiveCfg = Release|Any CPU
		{D540E46B-AF9A-451D-B4D2-B1F563C46BF8}.Release|Any CPU.Build.0 = Release|Any CPU
	EndGlobalSection
	GlobalSection(SolutionProperties) = preSolution
		HideSolutionNode = FALSE
	EndGlobalSection
	GlobalSection(ExtensibilityGlobals) = postSolution
		SolutionGuid = {F20087FB-A897-46C4-B56E-F50BCF38603E}
	EndGlobalSection
EndGlobal
